
Microsoft Visual Studio Solution File, Format Version 12.00
# Visual Studio Version 16
VisualStudioVersion = 16.0.31605.320
MinimumVisualStudioVersion = 10.0.40219.1
Project("{FAE04EC0-301F-11D3-BF4B-00C04F79EFBC}") = "CalculadoraSimples", "..\CalculadoraSimples\CalculadoraSimples.csproj", "{B5DAE5E8-4639-4FC8-BB9A-293633628C5A}"
EndProject
Global
	GlobalSection(SolutionConfigurationPlatforms) = preSolution
		Debug|Any CPU = Debug|Any CPU
		Release|Any CPU = Release|Any CPU
	EndGlobalSection
	GlobalSection(ProjectConfigurationPlatforms) = postSolution
		{B5DAE5E8-4639-4FC8-BB9A-293633628C5A}.Debug|Any CPU.ActiveCfg = Debug|Any CPU
		{B5DAE5E8-4639-4FC8-BB9A-293633628C5A}.Debug|Any CPU.Build.0 = Debug|Any CPU
		{B5DAE5E8-4639-4FC8-BB9A-293633628C5A}.Release|Any CPU.ActiveCfg = Release|Any CPU
		{B5DAE5E8-4639-4FC8-BB9A-293633628C5A}.Release|Any CPU.Build.0 = Release|Any CPU
	EndGlobalSection
	GlobalSection(SolutionProperties) = preSolution
		HideSolutionNode = FALSE
	EndGlobalSection
	GlobalSection(ExtensibilityGlobals) = postSolution
		SolutionGuid = {0EC8D673-B18F-4BAB-958B-A207BB7AAAF3}
	EndGlobalSection
EndGlobal
